
Microsoft Visual Studio Solution File, Format Version 12.00
# Visual Studio Version 17
VisualStudioVersion = 17.5.33516.290
MinimumVisualStudioVersion = 10.0.40219.1
Project("{9A19103F-16F7-4668-BE54-9A1E7A4F7556}") = "helloWorld", "helloWorld\helloWorld.csproj", "{A20F48AB-5EA6-4A4F-AF45-07F3BD44E668}"
EndProject
Project("{FAE04EC0-301F-11D3-BF4B-00C04F79EFBC}") = "CSharpCodes", "Mosh\CSharpCodes.csproj", "{0816E9E6-1365-4576-873D-CE1A0ED5202F}"
EndProject
Global
	GlobalSection(SolutionConfigurationPlatforms) = preSolution
		Debug|Any CPU = Debug|Any CPU
		Release|Any CPU = Release|Any CPU
	EndGlobalSection
	GlobalSection(ProjectConfigurationPlatforms) = postSolution
		{A20F48AB-5EA6-4A4F-AF45-07F3BD44E668}.Debug|Any CPU.ActiveCfg = Debug|Any CPU
		{A20F48AB-5EA6-4A4F-AF45-07F3BD44E668}.Debug|Any CPU.Build.0 = Debug|Any CPU
		{A20F48AB-5EA6-4A4F-AF45-07F3BD44E668}.Release|Any CPU.ActiveCfg = Release|Any CPU
		{A20F48AB-5EA6-4A4F-AF45-07F3BD44E668}.Release|Any CPU.Build.0 = Release|Any CPU
		{0816E9E6-1365-4576-873D-CE1A0ED5202F}.Debug|Any CPU.ActiveCfg = Debug|Any CPU
		{0816E9E6-1365-4576-873D-CE1A0ED5202F}.Debug|Any CPU.Build.0 = Debug|Any CPU
		{0816E9E6-1365-4576-873D-CE1A0ED5202F}.Release|Any CPU.ActiveCfg = Release|Any CPU
		{0816E9E6-1365-4576-873D-CE1A0ED5202F}.Release|Any CPU.Build.0 = Release|Any CPU
	EndGlobalSection
	GlobalSection(SolutionProperties) = preSolution
		HideSolutionNode = FALSE
	EndGlobalSection
	GlobalSection(ExtensibilityGlobals) = postSolution
		SolutionGuid = {2ADA7A5A-BECC-46FB-B273-79BD5E88586C}
	EndGlobalSection
EndGlobal
