
Microsoft Visual Studio Solution File, Format Version 12.00
# Visual Studio Version 17
VisualStudioVersion = 17.5.33516.290
MinimumVisualStudioVersion = 10.0.40219.1
Project("{FAE04EC0-301F-11D3-BF4B-00C04F79EFBC}") = "CSharpCodes", "CSharpCodes\CSharpCodes.csproj", "{D88AE983-ED9D-4C31-B12A-84CA6A4A4B96}"
EndProject
Project("{FAE04EC0-301F-11D3-BF4B-00C04F79EFBC}") = "DbHandling", "DbHandling\DbHandling.csproj", "{60616F02-6762-4766-A59F-29C60F552F4A}"
EndProject
Project("{FAE04EC0-301F-11D3-BF4B-00C04F79EFBC}") = "DbMigration", "DbMigration\DbMigration.csproj", "{E256FEA0-1F84-49DA-8001-73A3FA572DD3}"
EndProject
Global
	GlobalSection(SolutionConfigurationPlatforms) = preSolution
		Debug|Any CPU = Debug|Any CPU
		Release|Any CPU = Release|Any CPU
	EndGlobalSection
	GlobalSection(ProjectConfigurationPlatforms) = postSolution
		{D88AE983-ED9D-4C31-B12A-84CA6A4A4B96}.Debug|Any CPU.ActiveCfg = Debug|Any CPU
		{D88AE983-ED9D-4C31-B12A-84CA6A4A4B96}.Debug|Any CPU.Build.0 = Debug|Any CPU
		{D88AE983-ED9D-4C31-B12A-84CA6A4A4B96}.Release|Any CPU.ActiveCfg = Release|Any CPU
		{D88AE983-ED9D-4C31-B12A-84CA6A4A4B96}.Release|Any CPU.Build.0 = Release|Any CPU
		{60616F02-6762-4766-A59F-29C60F552F4A}.Debug|Any CPU.ActiveCfg = Debug|Any CPU
		{60616F02-6762-4766-A59F-29C60F552F4A}.Debug|Any CPU.Build.0 = Debug|Any CPU
		{60616F02-6762-4766-A59F-29C60F552F4A}.Release|Any CPU.ActiveCfg = Release|Any CPU
		{60616F02-6762-4766-A59F-29C60F552F4A}.Release|Any CPU.Build.0 = Release|Any CPU
		{E256FEA0-1F84-49DA-8001-73A3FA572DD3}.Debug|Any CPU.ActiveCfg = Debug|Any CPU
		{E256FEA0-1F84-49DA-8001-73A3FA572DD3}.Debug|Any CPU.Build.0 = Debug|Any CPU
		{E256FEA0-1F84-49DA-8001-73A3FA572DD3}.Release|Any CPU.ActiveCfg = Release|Any CPU
		{E256FEA0-1F84-49DA-8001-73A3FA572DD3}.Release|Any CPU.Build.0 = Release|Any CPU
	EndGlobalSection
	GlobalSection(SolutionProperties) = preSolution
		HideSolutionNode = FALSE
	EndGlobalSection
	GlobalSection(ExtensibilityGlobals) = postSolution
		SolutionGuid = {2ADA7A5A-BECC-46FB-B273-79BD5E88586C}
	EndGlobalSection
EndGlobal
